// !$*UTF8*$!
{
	archiveVersion = 1;
	classes = {
	};
	objectVersion = 46;
	objects = {

/* Begin PBXBuildFile section */
		ADB7F3C2146AD1970095DF8C /* UIKit.framework in Frameworks */ = {isa = PBXBuildFile; fileRef = ADB7F3C1146AD1970095DF8C /* UIKit.framework */; };
		ADB7F3C4146AD1970095DF8C /* Foundation.framework in Frameworks */ = {isa = PBXBuildFile; fileRef = ADB7F3C3146AD1970095DF8C /* Foundation.framework */; };
		ADB7F3C6146AD1970095DF8C /* CoreGraphics.framework in Frameworks */ = {isa = PBXBuildFile; fileRef = ADB7F3C5146AD1970095DF8C /* CoreGraphics.framework */; };
		ADB7F3CC146AD1970095DF8C /* InfoPlist.strings in Resources */ = {isa = PBXBuildFile; fileRef = ADB7F3CA146AD1970095DF8C /* InfoPlist.strings */; };
		ADB7F3CE146AD1970095DF8C /* main.m in Sources */ = {isa = PBXBuildFile; fileRef = ADB7F3CD146AD1970095DF8C /* main.m */; };
		ADB7F3D2146AD1970095DF8C /* AppDelegate.m in Sources */ = {isa = PBXBuildFile; fileRef = ADB7F3D1146AD1970095DF8C /* AppDelegate.m */; };
		ADB7F3D5146AD1970095DF8C /* MainStoryboard.storyboard in Resources */ = {isa = PBXBuildFile; fileRef = ADB7F3D3146AD1970095DF8C /* MainStoryboard.storyboard */; };
		ADB7F3DA146AD1970095DF8C /* first.png in Resources */ = {isa = PBXBuildFile; fileRef = ADB7F3D9146AD1970095DF8C /* first.png */; };
		ADB7F3EB146AD1980095DF8C /* SenTestingKit.framework in Frameworks */ = {isa = PBXBuildFile; fileRef = ADB7F3EA146AD1980095DF8C /* SenTestingKit.framework */; };
		ADB7F3EC146AD1980095DF8C /* UIKit.framework in Frameworks */ = {isa = PBXBuildFile; fileRef = ADB7F3C1146AD1970095DF8C /* UIKit.framework */; };
		ADB7F3ED146AD1980095DF8C /* Foundation.framework in Frameworks */ = {isa = PBXBuildFile; fileRef = ADB7F3C3146AD1970095DF8C /* Foundation.framework */; };
		ADB7F3F5146AD1980095DF8C /* InfoPlist.strings in Resources */ = {isa = PBXBuildFile; fileRef = ADB7F3F3146AD1980095DF8C /* InfoPlist.strings */; };
		ADB7F3F8146AD1980095DF8C /* DontPanicTests.m in Sources */ = {isa = PBXBuildFile; fileRef = ADB7F3F7146AD1980095DF8C /* DontPanicTests.m */; };
		ADE0827D146B274800DD057C /* RedButtonViewController.m in Sources */ = {isa = PBXBuildFile; fileRef = ADE0827C146B274800DD057C /* RedButtonViewController.m */; };
		ADE08280146B2A7F00DD057C /* UserViewController.m in Sources */ = {isa = PBXBuildFile; fileRef = ADE0827F146B2A7F00DD057C /* UserViewController.m */; };
		ADE08283146B2B3900DD057C /* ContactViewController.m in Sources */ = {isa = PBXBuildFile; fileRef = ADE08282146B2B3900DD057C /* ContactViewController.m */; };
		ADE082D1146B528700DD057C /* ContactDetailViewController.m in Sources */ = {isa = PBXBuildFile; fileRef = ADE082D0146B528700DD057C /* ContactDetailViewController.m */; };
		ADE082D3146B662300DD057C /* back.png in Resources */ = {isa = PBXBuildFile; fileRef = ADE082D2146B662300DD057C /* back.png */; };
		ADE082D5146B695C00DD057C /* redbutton.png in Resources */ = {isa = PBXBuildFile; fileRef = ADE082D4146B695C00DD057C /* redbutton.png */; };
		ADE082D9146B6F9400DD057C /* info_24.png in Resources */ = {isa = PBXBuildFile; fileRef = ADE082D8146B6F9300DD057C /* info_24.png */; };
/* End PBXBuildFile section */

/* Begin PBXContainerItemProxy section */
		ADB7F3EE146AD1980095DF8C /* PBXContainerItemProxy */ = {
			isa = PBXContainerItemProxy;
			containerPortal = ADB7F3B4146AD1960095DF8C /* Project object */;
			proxyType = 1;
			remoteGlobalIDString = ADB7F3BC146AD1970095DF8C;
			remoteInfo = DontPanic;
		};
/* End PBXContainerItemProxy section */

/* Begin PBXFileReference section */
		ADB7F3BD146AD1970095DF8C /* DontPanic.app */ = {isa = PBXFileReference; explicitFileType = wrapper.application; includeInIndex = 0; path = DontPanic.app; sourceTree = BUILT_PRODUCTS_DIR; };
		ADB7F3C1146AD1970095DF8C /* UIKit.framework */ = {isa = PBXFileReference; lastKnownFileType = wrapper.framework; name = UIKit.framework; path = System/Library/Frameworks/UIKit.framework; sourceTree = SDKROOT; };
		ADB7F3C3146AD1970095DF8C /* Foundation.framework */ = {isa = PBXFileReference; lastKnownFileType = wrapper.framework; name = Foundation.framework; path = System/Library/Frameworks/Foundation.framework; sourceTree = SDKROOT; };
		ADB7F3C5146AD1970095DF8C /* CoreGraphics.framework */ = {isa = PBXFileReference; lastKnownFileType = wrapper.framework; name = CoreGraphics.framework; path = System/Library/Frameworks/CoreGraphics.framework; sourceTree = SDKROOT; };
		ADB7F3C9146AD1970095DF8C /* DontPanic-Info.plist */ = {isa = PBXFileReference; lastKnownFileType = text.plist.xml; path = "DontPanic-Info.plist"; sourceTree = "<group>"; };
		ADB7F3CB146AD1970095DF8C /* en */ = {isa = PBXFileReference; lastKnownFileType = text.plist.strings; name = en; path = en.lproj/InfoPlist.strings; sourceTree = "<group>"; };
		ADB7F3CD146AD1970095DF8C /* main.m */ = {isa = PBXFileReference; lastKnownFileType = sourcecode.c.objc; path = main.m; sourceTree = "<group>"; };
		ADB7F3CF146AD1970095DF8C /* DontPanic-Prefix.pch */ = {isa = PBXFileReference; lastKnownFileType = sourcecode.c.h; path = "DontPanic-Prefix.pch"; sourceTree = "<group>"; };
		ADB7F3D0146AD1970095DF8C /* AppDelegate.h */ = {isa = PBXFileReference; lastKnownFileType = sourcecode.c.h; path = AppDelegate.h; sourceTree = "<group>"; };
		ADB7F3D1146AD1970095DF8C /* AppDelegate.m */ = {isa = PBXFileReference; lastKnownFileType = sourcecode.c.objc; path = AppDelegate.m; sourceTree = "<group>"; };
		ADB7F3D4146AD1970095DF8C /* en */ = {isa = PBXFileReference; lastKnownFileType = file.storyboard; name = en; path = en.lproj/MainStoryboard.storyboard; sourceTree = "<group>"; };
		ADB7F3D9146AD1970095DF8C /* first.png */ = {isa = PBXFileReference; lastKnownFileType = image.png; path = first.png; sourceTree = "<group>"; };
		ADB7F3E9146AD1980095DF8C /* DontPanicTests.octest */ = {isa = PBXFileReference; explicitFileType = wrapper.cfbundle; includeInIndex = 0; path = DontPanicTests.octest; sourceTree = BUILT_PRODUCTS_DIR; };
		ADB7F3EA146AD1980095DF8C /* SenTestingKit.framework */ = {isa = PBXFileReference; lastKnownFileType = wrapper.framework; name = SenTestingKit.framework; path = Library/Frameworks/SenTestingKit.framework; sourceTree = DEVELOPER_DIR; };
		ADB7F3F2146AD1980095DF8C /* DontPanicTests-Info.plist */ = {isa = PBXFileReference; lastKnownFileType = text.plist.xml; path = "DontPanicTests-Info.plist"; sourceTree = "<group>"; };
		ADB7F3F4146AD1980095DF8C /* en */ = {isa = PBXFileReference; lastKnownFileType = text.plist.strings; name = en; path = en.lproj/InfoPlist.strings; sourceTree = "<group>"; };
		ADB7F3F6146AD1980095DF8C /* DontPanicTests.h */ = {isa = PBXFileReference; lastKnownFileType = sourcecode.c.h; path = DontPanicTests.h; sourceTree = "<group>"; };
		ADB7F3F7146AD1980095DF8C /* DontPanicTests.m */ = {isa = PBXFileReference; lastKnownFileType = sourcecode.c.objc; path = DontPanicTests.m; sourceTree = "<group>"; };
		ADE0827B146B274800DD057C /* RedButtonViewController.h */ = {isa = PBXFileReference; fileEncoding = 4; lastKnownFileType = sourcecode.c.h; path = RedButtonViewController.h; sourceTree = "<group>"; };
		ADE0827C146B274800DD057C /* RedButtonViewController.m */ = {isa = PBXFileReference; fileEncoding = 4; lastKnownFileType = sourcecode.c.objc; path = RedButtonViewController.m; sourceTree = "<group>"; };
		ADE0827E146B2A7F00DD057C /* UserViewController.h */ = {isa = PBXFileReference; fileEncoding = 4; lastKnownFileType = sourcecode.c.h; path = UserViewController.h; sourceTree = "<group>"; };
		ADE0827F146B2A7F00DD057C /* UserViewController.m */ = {isa = PBXFileReference; fileEncoding = 4; lastKnownFileType = sourcecode.c.objc; path = UserViewController.m; sourceTree = "<group>"; };
		ADE08281146B2B3900DD057C /* ContactViewController.h */ = {isa = PBXFileReference; fileEncoding = 4; lastKnownFileType = sourcecode.c.h; path = ContactViewController.h; sourceTree = "<group>"; };
		ADE08282146B2B3900DD057C /* ContactViewController.m */ = {isa = PBXFileReference; fileEncoding = 4; lastKnownFileType = sourcecode.c.objc; path = ContactViewController.m; sourceTree = "<group>"; };
		ADE082CF146B528700DD057C /* ContactDetailViewController.h */ = {isa = PBXFileReference; fileEncoding = 4; lastKnownFileType = sourcecode.c.h; path = ContactDetailViewController.h; sourceTree = "<group>"; };
		ADE082D0146B528700DD057C /* ContactDetailViewController.m */ = {isa = PBXFileReference; fileEncoding = 4; lastKnownFileType = sourcecode.c.objc; path = ContactDetailViewController.m; sourceTree = "<group>"; };
		ADE082D2146B662300DD057C /* back.png */ = {isa = PBXFileReference; lastKnownFileType = image.png; path = back.png; sourceTree = "<group>"; };
		ADE082D4146B695C00DD057C /* redbutton.png */ = {isa = PBXFileReference; lastKnownFileType = image.png; path = redbutton.png; sourceTree = "<group>"; };
		ADE082D8146B6F9300DD057C /* info_24.png */ = {isa = PBXFileReference; lastKnownFileType = image.png; path = info_24.png; sourceTree = "<group>"; };
/* End PBXFileReference section */

/* Begin PBXFrameworksBuildPhase section */
		ADB7F3BA146AD1970095DF8C /* Frameworks */ = {
			isa = PBXFrameworksBuildPhase;
			buildActionMask = 2147483647;
			files = (
				ADB7F3C2146AD1970095DF8C /* UIKit.framework in Frameworks */,
				ADB7F3C4146AD1970095DF8C /* Foundation.framework in Frameworks */,
				ADB7F3C6146AD1970095DF8C /* CoreGraphics.framework in Frameworks */,
			);
			runOnlyForDeploymentPostprocessing = 0;
		};
		ADB7F3E5146AD1980095DF8C /* Frameworks */ = {
			isa = PBXFrameworksBuildPhase;
			buildActionMask = 2147483647;
			files = (
				ADB7F3EB146AD1980095DF8C /* SenTestingKit.framework in Frameworks */,
				ADB7F3EC146AD1980095DF8C /* UIKit.framework in Frameworks */,
				ADB7F3ED146AD1980095DF8C /* Foundation.framework in Frameworks */,
			);
			runOnlyForDeploymentPostprocessing = 0;
		};
/* End PBXFrameworksBuildPhase section */

/* Begin PBXGroup section */
		ADB7F3B2146AD1960095DF8C = {
			isa = PBXGroup;
			children = (
				ADB7F3C7146AD1970095DF8C /* DontPanic */,
				ADB7F3F0146AD1980095DF8C /* DontPanicTests */,
				ADB7F3C0146AD1970095DF8C /* Frameworks */,
				ADB7F3BE146AD1970095DF8C /* Products */,
			);
			sourceTree = "<group>";
		};
		ADB7F3BE146AD1970095DF8C /* Products */ = {
			isa = PBXGroup;
			children = (
				ADB7F3BD146AD1970095DF8C /* DontPanic.app */,
				ADB7F3E9146AD1980095DF8C /* DontPanicTests.octest */,
			);
			name = Products;
			sourceTree = "<group>";
		};
		ADB7F3C0146AD1970095DF8C /* Frameworks */ = {
			isa = PBXGroup;
			children = (
				ADB7F3C1146AD1970095DF8C /* UIKit.framework */,
				ADB7F3C3146AD1970095DF8C /* Foundation.framework */,
				ADB7F3C5146AD1970095DF8C /* CoreGraphics.framework */,
				ADB7F3EA146AD1980095DF8C /* SenTestingKit.framework */,
			);
			name = Frameworks;
			sourceTree = "<group>";
		};
		ADB7F3C7146AD1970095DF8C /* DontPanic */ = {
			isa = PBXGroup;
			children = (
				ADE082DC146B7C7F00DD057C /* Resources */,
				ADE082DB146B7C1400DD057C /* Classes */,
				ADE082DA146B7BB200DD057C /* Imagens */,
				ADB7F3C8146AD1970095DF8C /* Supporting Files */,
			);
			path = DontPanic;
			sourceTree = "<group>";
		};
		ADB7F3C8146AD1970095DF8C /* Supporting Files */ = {
			isa = PBXGroup;
			children = (
				ADB7F3C9146AD1970095DF8C /* DontPanic-Info.plist */,
				ADB7F3CA146AD1970095DF8C /* InfoPlist.strings */,
				ADB7F3CD146AD1970095DF8C /* main.m */,
				ADB7F3CF146AD1970095DF8C /* DontPanic-Prefix.pch */,
			);
			name = "Supporting Files";
			sourceTree = "<group>";
		};
		ADB7F3F0146AD1980095DF8C /* DontPanicTests */ = {
			isa = PBXGroup;
			children = (
				ADB7F3F6146AD1980095DF8C /* DontPanicTests.h */,
				ADB7F3F7146AD1980095DF8C /* DontPanicTests.m */,
				ADB7F3F1146AD1980095DF8C /* Supporting Files */,
			);
			path = DontPanicTests;
			sourceTree = "<group>";
		};
		ADB7F3F1146AD1980095DF8C /* Supporting Files */ = {
			isa = PBXGroup;
			children = (
				ADB7F3F2146AD1980095DF8C /* DontPanicTests-Info.plist */,
				ADB7F3F3146AD1980095DF8C /* InfoPlist.strings */,
			);
			name = "Supporting Files";
			sourceTree = "<group>";
		};
		ADE082DA146B7BB200DD057C /* Imagens */ = {
			isa = PBXGroup;
			children = (
				ADB7F3D9146AD1970095DF8C /* first.png */,
				ADE082D4146B695C00DD057C /* redbutton.png */,
				ADE082D2146B662300DD057C /* back.png */,
				ADE082D8146B6F9300DD057C /* info_24.png */,
			);
			name = Imagens;
			sourceTree = "<group>";
		};
		ADE082DB146B7C1400DD057C /* Classes */ = {
			isa = PBXGroup;
			children = (
				ADB7F3D0146AD1970095DF8C /* AppDelegate.h */,
				ADB7F3D1146AD1970095DF8C /* AppDelegate.m */,
				ADE082CF146B528700DD057C /* ContactDetailViewController.h */,
				ADE082D0146B528700DD057C /* ContactDetailViewController.m */,
				ADE08281146B2B3900DD057C /* ContactViewController.h */,
				ADE08282146B2B3900DD057C /* ContactViewController.m */,
				ADE0827B146B274800DD057C /* RedButtonViewController.h */,
				ADE0827C146B274800DD057C /* RedButtonViewController.m */,
				ADE0827E146B2A7F00DD057C /* UserViewController.h */,
				ADE0827F146B2A7F00DD057C /* UserViewController.m */,
			);
			name = Classes;
			sourceTree = "<group>";
		};
		ADE082DC146B7C7F00DD057C /* Resources */ = {
			isa = PBXGroup;
			children = (
				ADB7F3D3146AD1970095DF8C /* MainStoryboard.storyboard */,
			);
			name = Resources;
			sourceTree = "<group>";
		};
/* End PBXGroup section */

/* Begin PBXNativeTarget section */
		ADB7F3BC146AD1970095DF8C /* DontPanic */ = {
			isa = PBXNativeTarget;
			buildConfigurationList = ADB7F3FB146AD1980095DF8C /* Build configuration list for PBXNativeTarget "DontPanic" */;
			buildPhases = (
				ADB7F3B9146AD1970095DF8C /* Sources */,
				ADB7F3BA146AD1970095DF8C /* Frameworks */,
				ADB7F3BB146AD1970095DF8C /* Resources */,
			);
			buildRules = (
			);
			dependencies = (
			);
			name = DontPanic;
			productName = DontPanic;
			productReference = ADB7F3BD146AD1970095DF8C /* DontPanic.app */;
			productType = "com.apple.product-type.application";
		};
		ADB7F3E8146AD1980095DF8C /* DontPanicTests */ = {
			isa = PBXNativeTarget;
			buildConfigurationList = ADB7F3FE146AD1980095DF8C /* Build configuration list for PBXNativeTarget "DontPanicTests" */;
			buildPhases = (
				ADB7F3E4146AD1980095DF8C /* Sources */,
				ADB7F3E5146AD1980095DF8C /* Frameworks */,
				ADB7F3E6146AD1980095DF8C /* Resources */,
				ADB7F3E7146AD1980095DF8C /* ShellScript */,
			);
			buildRules = (
			);
			dependencies = (
				ADB7F3EF146AD1980095DF8C /* PBXTargetDependency */,
			);
			name = DontPanicTests;
			productName = DontPanicTests;
			productReference = ADB7F3E9146AD1980095DF8C /* DontPanicTests.octest */;
			productType = "com.apple.product-type.bundle";
		};
/* End PBXNativeTarget section */

/* Begin PBXProject section */
		ADB7F3B4146AD1960095DF8C /* Project object */ = {
			isa = PBXProject;
			attributes = {
				LastUpgradeCheck = 0420;
				ORGANIZATIONNAME = UFBA;
			};
			buildConfigurationList = ADB7F3B7146AD1960095DF8C /* Build configuration list for PBXProject "DontPanic" */;
			compatibilityVersion = "Xcode 3.2";
			developmentRegion = English;
			hasScannedForEncodings = 0;
			knownRegions = (
				en,
			);
			mainGroup = ADB7F3B2146AD1960095DF8C;
			productRefGroup = ADB7F3BE146AD1970095DF8C /* Products */;
			projectDirPath = "";
			projectRoot = "";
			targets = (
				ADB7F3BC146AD1970095DF8C /* DontPanic */,
				ADB7F3E8146AD1980095DF8C /* DontPanicTests */,
			);
		};
/* End PBXProject section */

/* Begin PBXResourcesBuildPhase section */
		ADB7F3BB146AD1970095DF8C /* Resources */ = {
			isa = PBXResourcesBuildPhase;
			buildActionMask = 2147483647;
			files = (
				ADB7F3CC146AD1970095DF8C /* InfoPlist.strings in Resources */,
				ADB7F3D5146AD1970095DF8C /* MainStoryboard.storyboard in Resources */,
				ADB7F3DA146AD1970095DF8C /* first.png in Resources */,
				ADE082D3146B662300DD057C /* back.png in Resources */,
				ADE082D5146B695C00DD057C /* redbutton.png in Resources */,
				ADE082D9146B6F9400DD057C /* info_24.png in Resources */,
			);
			runOnlyForDeploymentPostprocessing = 0;
		};
		ADB7F3E6146AD1980095DF8C /* Resources */ = {
			isa = PBXResourcesBuildPhase;
			buildActionMask = 2147483647;
			files = (
				ADB7F3F5146AD1980095DF8C /* InfoPlist.strings in Resources */,
			);
			runOnlyForDeploymentPostprocessing = 0;
		};
/* End PBXResourcesBuildPhase section */

/* Begin PBXShellScriptBuildPhase section */
		ADB7F3E7146AD1980095DF8C /* ShellScript */ = {
			isa = PBXShellScriptBuildPhase;
			buildActionMask = 2147483647;
			files = (
			);
			inputPaths = (
			);
			outputPaths = (
			);
			runOnlyForDeploymentPostprocessing = 0;
			shellPath = /bin/sh;
			shellScript = "# Run the unit tests in this test bundle.\n\"${SYSTEM_DEVELOPER_DIR}/Tools/RunUnitTests\"\n";
		};
/* End PBXShellScriptBuildPhase section */

/* Begin PBXSourcesBuildPhase section */
		ADB7F3B9146AD1970095DF8C /* Sources */ = {
			isa = PBXSourcesBuildPhase;
			buildActionMask = 2147483647;
			files = (
				ADB7F3CE146AD1970095DF8C /* main.m in Sources */,
				ADB7F3D2146AD1970095DF8C /* AppDelegate.m in Sources */,
				ADE0827D146B274800DD057C /* RedButtonViewController.m in Sources */,
				ADE08280146B2A7F00DD057C /* UserViewController.m in Sources */,
				ADE08283146B2B3900DD057C /* ContactViewController.m in Sources */,
				ADE082D1146B528700DD057C /* ContactDetailViewController.m in Sources */,
			);
			runOnlyForDeploymentPostprocessing = 0;
		};
		ADB7F3E4146AD1980095DF8C /* Sources */ = {
			isa = PBXSourcesBuildPhase;
			buildActionMask = 2147483647;
			files = (
				ADB7F3F8146AD1980095DF8C /* DontPanicTests.m in Sources */,
			);
			runOnlyForDeploymentPostprocessing = 0;
		};
/* End PBXSourcesBuildPhase section */

/* Begin PBXTargetDependency section */
		ADB7F3EF146AD1980095DF8C /* PBXTargetDependency */ = {
			isa = PBXTargetDependency;
			target = ADB7F3BC146AD1970095DF8C /* DontPanic */;
			targetProxy = ADB7F3EE146AD1980095DF8C /* PBXContainerItemProxy */;
		};
/* End PBXTargetDependency section */

/* Begin PBXVariantGroup section */
		ADB7F3CA146AD1970095DF8C /* InfoPlist.strings */ = {
			isa = PBXVariantGroup;
			children = (
				ADB7F3CB146AD1970095DF8C /* en */,
			);
			name = InfoPlist.strings;
			sourceTree = "<group>";
		};
		ADB7F3D3146AD1970095DF8C /* MainStoryboard.storyboard */ = {
			isa = PBXVariantGroup;
			children = (
				ADB7F3D4146AD1970095DF8C /* en */,
			);
			name = MainStoryboard.storyboard;
			sourceTree = "<group>";
		};
		ADB7F3F3146AD1980095DF8C /* InfoPlist.strings */ = {
			isa = PBXVariantGroup;
			children = (
				ADB7F3F4146AD1980095DF8C /* en */,
			);
			name = InfoPlist.strings;
			sourceTree = "<group>";
		};
/* End PBXVariantGroup section */

/* Begin XCBuildConfiguration section */
		ADB7F3F9146AD1980095DF8C /* Debug */ = {
			isa = XCBuildConfiguration;
			buildSettings = {
				ALWAYS_SEARCH_USER_PATHS = NO;
				ARCHS = "$(ARCHS_STANDARD_32_BIT)";
				CLANG_ENABLE_OBJC_ARC = YES;
				"CODE_SIGN_IDENTITY[sdk=iphoneos*]" = "iPhone Developer";
				COPY_PHASE_STRIP = NO;
				GCC_C_LANGUAGE_STANDARD = gnu99;
				GCC_DYNAMIC_NO_PIC = NO;
				GCC_OPTIMIZATION_LEVEL = 0;
				GCC_PREPROCESSOR_DEFINITIONS = (
					"DEBUG=1",
					"$(inherited)",
				);
				GCC_SYMBOLS_PRIVATE_EXTERN = NO;
				GCC_VERSION = com.apple.compilers.llvm.clang.1_0;
				GCC_WARN_ABOUT_MISSING_PROTOTYPES = YES;
				GCC_WARN_ABOUT_RETURN_TYPE = YES;
				GCC_WARN_UNUSED_VARIABLE = YES;
				IPHONEOS_DEPLOYMENT_TARGET = 5.0;
				SDKROOT = iphoneos;
			};
			name = Debug;
		};
		ADB7F3FA146AD1980095DF8C /* Release */ = {
			isa = XCBuildConfiguration;
			buildSettings = {
				ALWAYS_SEARCH_USER_PATHS = NO;
				ARCHS = "$(ARCHS_STANDARD_32_BIT)";
				CLANG_ENABLE_OBJC_ARC = YES;
				"CODE_SIGN_IDENTITY[sdk=iphoneos*]" = "iPhone Developer";
				COPY_PHASE_STRIP = YES;
				GCC_C_LANGUAGE_STANDARD = gnu99;
				GCC_VERSION = com.apple.compilers.llvm.clang.1_0;
				GCC_WARN_ABOUT_MISSING_PROTOTYPES = YES;
				GCC_WARN_ABOUT_RETURN_TYPE = YES;
				GCC_WARN_UNUSED_VARIABLE = YES;
				IPHONEOS_DEPLOYMENT_TARGET = 5.0;
				OTHER_CFLAGS = "-DNS_BLOCK_ASSERTIONS=1";
				SDKROOT = iphoneos;
				VALIDATE_PRODUCT = YES;
			};
			name = Release;
		};
		ADB7F3FC146AD1980095DF8C /* Debug */ = {
			isa = XCBuildConfiguration;
			buildSettings = {
				GCC_PRECOMPILE_PREFIX_HEADER = YES;
				GCC_PREFIX_HEADER = "DontPanic/DontPanic-Prefix.pch";
				INFOPLIST_FILE = "DontPanic/DontPanic-Info.plist";
				PRODUCT_NAME = "$(TARGET_NAME)";
				WRAPPER_EXTENSION = app;
			};
			name = Debug;
		};
		ADB7F3FD146AD1980095DF8C /* Release */ = {
			isa = XCBuildConfiguration;
			buildSettings = {
				GCC_PRECOMPILE_PREFIX_HEADER = YES;
				GCC_PREFIX_HEADER = "DontPanic/DontPanic-Prefix.pch";
				INFOPLIST_FILE = "DontPanic/DontPanic-Info.plist";
				PRODUCT_NAME = "$(TARGET_NAME)";
				WRAPPER_EXTENSION = app;
			};
			name = Release;
		};
		ADB7F3FF146AD1980095DF8C /* Debug */ = {
			isa = XCBuildConfiguration;
			buildSettings = {
				BUNDLE_LOADER = "$(BUILT_PRODUCTS_DIR)/DontPanic.app/DontPanic";
				FRAMEWORK_SEARCH_PATHS = (
					"$(SDKROOT)/Developer/Library/Frameworks",
					"$(DEVELOPER_LIBRARY_DIR)/Frameworks",
				);
				GCC_PRECOMPILE_PREFIX_HEADER = YES;
				GCC_PREFIX_HEADER = "DontPanic/DontPanic-Prefix.pch";
				INFOPLIST_FILE = "DontPanicTests/DontPanicTests-Info.plist";
				PRODUCT_NAME = "$(TARGET_NAME)";
				TEST_HOST = "$(BUNDLE_LOADER)";
				WRAPPER_EXTENSION = octest;
			};
			name = Debug;
		};
		ADB7F400146AD1980095DF8C /* Release */ = {
			isa = XCBuildConfiguration;
			buildSettings = {
				BUNDLE_LOADER = "$(BUILT_PRODUCTS_DIR)/DontPanic.app/DontPanic";
				FRAMEWORK_SEARCH_PATHS = (
					"$(SDKROOT)/Developer/Library/Frameworks",
					"$(DEVELOPER_LIBRARY_DIR)/Frameworks",
				);
				GCC_PRECOMPILE_PREFIX_HEADER = YES;
				GCC_PREFIX_HEADER = "DontPanic/DontPanic-Prefix.pch";
				INFOPLIST_FILE = "DontPanicTests/DontPanicTests-Info.plist";
				PRODUCT_NAME = "$(TARGET_NAME)";
				TEST_HOST = "$(BUNDLE_LOADER)";
				WRAPPER_EXTENSION = octest;
			};
			name = Release;
		};
/* End XCBuildConfiguration section */

/* Begin XCConfigurationList section */
		ADB7F3B7146AD1960095DF8C /* Build configuration list for PBXProject "DontPanic" */ = {
			isa = XCConfigurationList;
			buildConfigurations = (
				ADB7F3F9146AD1980095DF8C /* Debug */,
				ADB7F3FA146AD1980095DF8C /* Release */,
			);
			defaultConfigurationIsVisible = 0;
			defaultConfigurationName = Release;
		};
		ADB7F3FB146AD1980095DF8C /* Build configuration list for PBXNativeTarget "DontPanic" */ = {
			isa = XCConfigurationList;
			buildConfigurations = (
				ADB7F3FC146AD1980095DF8C /* Debug */,
				ADB7F3FD146AD1980095DF8C /* Release */,
			);
			defaultConfigurationIsVisible = 0;
			defaultConfigurationName = Release;
		};
		ADB7F3FE146AD1980095DF8C /* Build configuration list for PBXNativeTarget "DontPanicTests" */ = {
			isa = XCConfigurationList;
			buildConfigurations = (
				ADB7F3FF146AD1980095DF8C /* Debug */,
				ADB7F400146AD1980095DF8C /* Release */,
			);
			defaultConfigurationIsVisible = 0;
			defaultConfigurationName = Release;
		};
/* End XCConfigurationList section */
	};
	rootObject = ADB7F3B4146AD1960095DF8C /* Project object */;
}
